lockfileVersion: '9.0'

settings:
  autoInstallPeers: true
  excludeLinksFromLockfile: false

importers:

  .:
    dependencies:
      '@hono/node-server':
        specifier: ^1.11.1
        version: 1.11.1
      color-convert:
        specifier: ^2.0.1
        version: 2.0.1
      hono:
        specifier: ^4.3.11
        version: 4.4.0

packages:

  '@hono/node-server@1.11.1':
    resolution: {integrity: sha512-GW1Iomhmm1o4Z+X57xGby8A35Cu9UZLL7pSMdqDBkD99U5cywff8F+8hLk5aBTzNubnsFAvWQ/fZjNwPsEn9lA==}
    engines: {node: '>=18.14.1'}

  color-convert@2.0.1:
    resolution: {integrity: sha512-RRECPsj7iu/xb5oKYcsFHSppFNnsj/52OVTRKb4zP5onXwVF3zVmmToNcOfGC+CRDpfK/U584fMg38ZHCaElKQ==}
    engines: {node: '>=7.0.0'}

  color-name@1.1.4:
    resolution: {integrity: sha512-dOy+3AuW3a2wNbZHIuMZpTcgjGuLU/uBL/ubcZF9OXbDo8ff4O8yVp5Bf0efS8uEoYo5q4Fx7dY9OgQGXgAsQA==}

  hono@4.4.0:
    resolution: {integrity: sha512-Bb2GHk8jmlLIuxc3U+7UBGOoA5lByJTAFnRdH2N2fqEVy9TEQzJ9saIJUQ/ZqBvEvgEFe7UjPFNSFi8cyeU+3Q==}
    engines: {node: '>=16.0.0'}

snapshots:

  '@hono/node-server@1.11.1': {}

  color-convert@2.0.1:
    dependencies:
      color-name: 1.1.4

  color-name@1.1.4: {}

  hono@4.4.0: {}
